
Microsoft Visual Studio Solution File, Format Version 12.00
# Visual Studio Version 16
VisualStudioVersion = 16.0.30114.105
MinimumVisualStudioVersion = 10.0.40219.1
Project("{9A19103F-16F7-4668-BE54-9A1E7A4F7556}") = "VirtualMarket.apiPagamentoBoletoPagarMe", "apiPagamentoBoletoPagarMe\VirtualMarket.apiPagamentoBoletoPagarMe.csproj", "{C2E72FB1-BD20-4EB8-A36F-9D756A8E0B9C}"
EndProject
Project("{9A19103F-16F7-4668-BE54-9A1E7A4F7556}") = "VirtualMarket.apiPagamentoBoletoPagarMe.Entidades", "VirtualMarket.apiPagamentoBoletoPagarMe.Entidades\VirtualMarket.apiPagamentoBoletoPagarMe.Entidades.csproj", "{3F38FC14-DBCC-4307-9800-4ED8E2AD696D}"
EndProject
Project("{2150E333-8FDC-42A3-9474-1A3956D46DE8}") = "Solution Items", "Solution Items", "{7113A75C-7DE2-41CD-BA02-68A56AC53105}"
	ProjectSection(SolutionItems) = preProject
		.editorconfig = .editorconfig
	EndProjectSection
EndProject
Project("{2150E333-8FDC-42A3-9474-1A3956D46DE8}") = "teste-API-PostMan", "teste-API-PostMan", "{76C8018F-AD92-474F-9EE5-B33E8A04104E}"
	ProjectSection(SolutionItems) = preProject
		teste-API-PostMan\ApiPagamentoPagarmeBoleto.postman_collection.json = teste-API-PostMan\ApiPagamentoPagarmeBoleto.postman_collection.json
	EndProjectSection
EndProject
Global
	GlobalSection(SolutionConfigurationPlatforms) = preSolution
		Debug|Any CPU = Debug|Any CPU
		Release|Any CPU = Release|Any CPU
	EndGlobalSection
	GlobalSection(ProjectConfigurationPlatforms) = postSolution
		{C2E72FB1-BD20-4EB8-A36F-9D756A8E0B9C}.Debug|Any CPU.ActiveCfg = Debug|Any CPU
		{C2E72FB1-BD20-4EB8-A36F-9D756A8E0B9C}.Debug|Any CPU.Build.0 = Debug|Any CPU
		{C2E72FB1-BD20-4EB8-A36F-9D756A8E0B9C}.Release|Any CPU.ActiveCfg = Release|Any CPU
		{C2E72FB1-BD20-4EB8-A36F-9D756A8E0B9C}.Release|Any CPU.Build.0 = Release|Any CPU
		{3F38FC14-DBCC-4307-9800-4ED8E2AD696D}.Debug|Any CPU.ActiveCfg = Debug|Any CPU
		{3F38FC14-DBCC-4307-9800-4ED8E2AD696D}.Debug|Any CPU.Build.0 = Debug|Any CPU
		{3F38FC14-DBCC-4307-9800-4ED8E2AD696D}.Release|Any CPU.ActiveCfg = Release|Any CPU
		{3F38FC14-DBCC-4307-9800-4ED8E2AD696D}.Release|Any CPU.Build.0 = Release|Any CPU
	EndGlobalSection
	GlobalSection(SolutionProperties) = preSolution
		HideSolutionNode = FALSE
	EndGlobalSection
	GlobalSection(ExtensibilityGlobals) = postSolution
		SolutionGuid = {40A3DE82-407C-4F09-B000-3F0570060A5A}
	EndGlobalSection
EndGlobal
